
Microsoft Visual Studio Solution File, Format Version 12.00
# Visual Studio Version 16
VisualStudioVersion = 16.0.29001.49
MinimumVisualStudioVersion = 10.0.40219.1
Project("{FAE04EC0-301F-11D3-BF4B-00C04F79EFBC}") = "Splash Screen", "Splash Screen.csproj", "{8E604FCD-B029-45CC-9604-6554BBEDCDA5}"
EndProject
Global
	GlobalSection(SolutionConfigurationPlatforms) = preSolution
		Debug|Any CPU = Debug|Any CPU
		Release|Any CPU = Release|Any CPU
	EndGlobalSection
	GlobalSection(ProjectConfigurationPlatforms) = postSolution
		{8E604FCD-B029-45CC-9604-6554BBEDCDA5}.Debug|Any CPU.ActiveCfg = Debug|Any CPU
		{8E604FCD-B029-45CC-9604-6554BBEDCDA5}.Debug|Any CPU.Build.0 = Debug|Any CPU
		{8E604FCD-B029-45CC-9604-6554BBEDCDA5}.Release|Any CPU.ActiveCfg = Release|Any CPU
		{8E604FCD-B029-45CC-9604-6554BBEDCDA5}.Release|Any CPU.Build.0 = Release|Any CPU
	EndGlobalSection
	GlobalSection(SolutionProperties) = preSolution
		HideSolutionNode = FALSE
	EndGlobalSection
	GlobalSection(ExtensibilityGlobals) = postSolution
		SolutionGuid = {F0EB28E5-828A-4A64-BF6F-EB8C12A75699}
	EndGlobalSection
EndGlobal
